# This file was autogenerated by Stack.
# You should not edit this file by hand.
# For more information, please see the documentation at:
#   https://docs.haskellstack.org/en/stable/lock_files

packages:
- completed:
    hackage: beam-core-0.8.0.0@sha256:7514a7b9cc092d7e890adf2ad08c1ea3c66ea5900e263b32ff0c55c31e01bac0,5044
    pantry-tree:
      size: 2553
      sha256: c3520bd90aa71fe509740827acc5973a9dc47ed9a830f67e13e68b1893b763ba
  original:
    hackage: beam-core-0.8.0.0
- completed:
    hackage: beam-mysql-0.2.0.0@sha256:6c64358de5094463a70e8c71dbc99a38ae937d04a44cee9858e8a0779bb7b8dd,2282
    pantry-tree:
      size: 389
      sha256: ed62694a4bf6afc18ab12dd7227d3aa64a575f387efe3b35fe95b1f3ce71a940
  original:
    hackage: beam-mysql-0.2.0.0
- completed:
    hackage: serverless-haskell-0.9.1@sha256:732cd364d2f0526a26685d12a41b14105b607e239c19f9e6dcbc399daa5c9819,2528
    pantry-tree:
      size: 1614
      sha256: 7b82553a99f9d852b20af89172bf68d4ea729571e1cbf89fb8bbc3c9a1c753dc
  original:
    hackage: serverless-haskell-0.9.1
snapshots:
- completed:
    size: 501504
    url: https://raw.githubusercontent.com/commercialhaskell/stackage-snapshots/master/lts/12/4.yaml
    sha256: 58c30f58d877b569461a241956dd27c9e5d69ee95c8889171baba8bbaaa5b093
  original: lts-12.4
